# THIS IS AN AUTOGENERATED FILE. DO NOT EDIT THIS FILE DIRECTLY.
# yarn lockfile v1


slugify@^1.3.6:
  version "1.3.6"
  resolved "https://registry.yarnpkg.com/slugify/-/slugify-1.3.6.tgz#ba5fd6159b570fe4811d02ea9b1f4906677638c3"
  integrity sha512-wA9XS475ZmGNlEnYYLPReSfuz/c3VQsEMoU43mi6OnKMCdbnFXd4/Yg7J0lBv8jkPolacMpOrWEaoYxuE1+hoQ==
